
Microsoft Visual Studio Solution File, Format Version 12.00
# Visual Studio Version 17
VisualStudioVersion = 17.8.34525.116
MinimumVisualStudioVersion = 10.0.40219.1
Project("{2150E333-8FDC-42A3-9474-1A3956D46DE8}") = "Features", "Features", "{E6EFA61A-269E-4048-B406-24E40C28478A}"
EndProject
Project("{9A19103F-16F7-4668-BE54-9A1E7A4F7556}") = "Feature.Core", "Features\Feature.Core\Feature.Core.csproj", "{7D09AB3A-08F5-4D06-BB1D-9CE1B7311588}"
EndProject
Project("{9A19103F-16F7-4668-BE54-9A1E7A4F7556}") = "Feature.CluService", "Features\Feature.CluService\Feature.CluService.csproj", "{5E93FA84-DF3C-47CC-A8C7-E3A88201C6B2}"
EndProject
Project("{2150E333-8FDC-42A3-9474-1A3956D46DE8}") = "Adapters", "Adapters", "{0485EABC-026C-4900-8F0F-5471B106956F}"
EndProject
Project("{9A19103F-16F7-4668-BE54-9A1E7A4F7556}") = "Feature.QNAService", "Features\Feature.QNAService\Feature.QNAService.csproj", "{D1BBA8D6-CE47-4345-B872-35E6FBB457A3}"
EndProject
Project("{2150E333-8FDC-42A3-9474-1A3956D46DE8}") = "Solution Items", "Solution Items", "{D6922603-3225-450B-8245-2FDB667A6495}"
	ProjectSection(SolutionItems) = preProject
		.editorconfig = .editorconfig
	EndProjectSection
EndProject
Project("{2150E333-8FDC-42A3-9474-1A3956D46DE8}") = "Whatsapp", "Whatsapp", "{EEAD0877-50DA-4C8A-9BD7-C9421C89CF3C}"
EndProject
Project("{9A19103F-16F7-4668-BE54-9A1E7A4F7556}") = "Feature.WhatsappService", "Features\Feature.WhatsappService\Feature.WhatsappService.csproj", "{21C7B94C-113D-45AC-A480-BC85BBEF1FBF}"
EndProject
Project("{9A19103F-16F7-4668-BE54-9A1E7A4F7556}") = "Pizza.Bot", "Pizza.Bot\Pizza.Bot.csproj", "{A105C4BD-AE98-41A3-B9B8-F41A33690CBC}"
EndProject
Project("{FAE04EC0-301F-11D3-BF4B-00C04F79EFBC}") = "Feature.WhatsappAdapter", "Features\Feature.WhatsappAdapter\Feature.WhatsappAdapter.csproj", "{90F9AF89-D21D-4664-B90C-7BD2E7FD1760}"
EndProject
Project("{2150E333-8FDC-42A3-9474-1A3956D46DE8}") = "Core", "Core", "{065A8296-D0C4-48B5-95D0-4332CD7993BC}"
EndProject
Project("{9A19103F-16F7-4668-BE54-9A1E7A4F7556}") = "Core.Configuration", "Core.Configuration\Core.Configuration.csproj", "{5C62B2A4-54D8-4F2E-97C8-ABCF58445505}"
EndProject
Global
	GlobalSection(SolutionConfigurationPlatforms) = preSolution
		Debug|Any CPU = Debug|Any CPU
		Debug|x64 = Debug|x64
		Debug-PROD|Any CPU = Debug-PROD|Any CPU
		Debug-PROD|x64 = Debug-PROD|x64
		Release|Any CPU = Release|Any CPU
		Release|x64 = Release|x64
	EndGlobalSection
	GlobalSection(ProjectConfigurationPlatforms) = postSolution
		{7D09AB3A-08F5-4D06-BB1D-9CE1B7311588}.Debug|Any CPU.ActiveCfg = Debug|Any CPU
		{7D09AB3A-08F5-4D06-BB1D-9CE1B7311588}.Debug|Any CPU.Build.0 = Debug|Any CPU
		{7D09AB3A-08F5-4D06-BB1D-9CE1B7311588}.Debug|x64.ActiveCfg = Debug|Any CPU
		{7D09AB3A-08F5-4D06-BB1D-9CE1B7311588}.Debug|x64.Build.0 = Debug|Any CPU
		{7D09AB3A-08F5-4D06-BB1D-9CE1B7311588}.Debug-PROD|Any CPU.ActiveCfg = Debug|Any CPU
		{7D09AB3A-08F5-4D06-BB1D-9CE1B7311588}.Debug-PROD|Any CPU.Build.0 = Debug|Any CPU
		{7D09AB3A-08F5-4D06-BB1D-9CE1B7311588}.Debug-PROD|x64.ActiveCfg = Debug|Any CPU
		{7D09AB3A-08F5-4D06-BB1D-9CE1B7311588}.Debug-PROD|x64.Build.0 = Debug|Any CPU
		{7D09AB3A-08F5-4D06-BB1D-9CE1B7311588}.Release|Any CPU.ActiveCfg = Release|Any CPU
		{7D09AB3A-08F5-4D06-BB1D-9CE1B7311588}.Release|Any CPU.Build.0 = Release|Any CPU
		{7D09AB3A-08F5-4D06-BB1D-9CE1B7311588}.Release|x64.ActiveCfg = Release|Any CPU
		{7D09AB3A-08F5-4D06-BB1D-9CE1B7311588}.Release|x64.Build.0 = Release|Any CPU
		{5E93FA84-DF3C-47CC-A8C7-E3A88201C6B2}.Debug|Any CPU.ActiveCfg = Debug|Any CPU
		{5E93FA84-DF3C-47CC-A8C7-E3A88201C6B2}.Debug|Any CPU.Build.0 = Debug|Any CPU
		{5E93FA84-DF3C-47CC-A8C7-E3A88201C6B2}.Debug|x64.ActiveCfg = Debug|Any CPU
		{5E93FA84-DF3C-47CC-A8C7-E3A88201C6B2}.Debug|x64.Build.0 = Debug|Any CPU
		{5E93FA84-DF3C-47CC-A8C7-E3A88201C6B2}.Debug-PROD|Any CPU.ActiveCfg = Debug|Any CPU
		{5E93FA84-DF3C-47CC-A8C7-E3A88201C6B2}.Debug-PROD|Any CPU.Build.0 = Debug|Any CPU
		{5E93FA84-DF3C-47CC-A8C7-E3A88201C6B2}.Debug-PROD|x64.ActiveCfg = Debug|Any CPU
		{5E93FA84-DF3C-47CC-A8C7-E3A88201C6B2}.Debug-PROD|x64.Build.0 = Debug|Any CPU
		{5E93FA84-DF3C-47CC-A8C7-E3A88201C6B2}.Release|Any CPU.ActiveCfg = Release|Any CPU
		{5E93FA84-DF3C-47CC-A8C7-E3A88201C6B2}.Release|Any CPU.Build.0 = Release|Any CPU
		{5E93FA84-DF3C-47CC-A8C7-E3A88201C6B2}.Release|x64.ActiveCfg = Release|Any CPU
		{5E93FA84-DF3C-47CC-A8C7-E3A88201C6B2}.Release|x64.Build.0 = Release|Any CPU
		{D1BBA8D6-CE47-4345-B872-35E6FBB457A3}.Debug|Any CPU.ActiveCfg = Debug|Any CPU
		{D1BBA8D6-CE47-4345-B872-35E6FBB457A3}.Debug|Any CPU.Build.0 = Debug|Any CPU
		{D1BBA8D6-CE47-4345-B872-35E6FBB457A3}.Debug|x64.ActiveCfg = Debug|Any CPU
		{D1BBA8D6-CE47-4345-B872-35E6FBB457A3}.Debug|x64.Build.0 = Debug|Any CPU
		{D1BBA8D6-CE47-4345-B872-35E6FBB457A3}.Debug-PROD|Any CPU.ActiveCfg = Debug|Any CPU
		{D1BBA8D6-CE47-4345-B872-35E6FBB457A3}.Debug-PROD|Any CPU.Build.0 = Debug|Any CPU
		{D1BBA8D6-CE47-4345-B872-35E6FBB457A3}.Debug-PROD|x64.ActiveCfg = Debug|Any CPU
		{D1BBA8D6-CE47-4345-B872-35E6FBB457A3}.Debug-PROD|x64.Build.0 = Debug|Any CPU
		{D1BBA8D6-CE47-4345-B872-35E6FBB457A3}.Release|Any CPU.ActiveCfg = Release|Any CPU
		{D1BBA8D6-CE47-4345-B872-35E6FBB457A3}.Release|Any CPU.Build.0 = Release|Any CPU
		{D1BBA8D6-CE47-4345-B872-35E6FBB457A3}.Release|x64.ActiveCfg = Release|Any CPU
		{D1BBA8D6-CE47-4345-B872-35E6FBB457A3}.Release|x64.Build.0 = Release|Any CPU
		{21C7B94C-113D-45AC-A480-BC85BBEF1FBF}.Debug|Any CPU.ActiveCfg = Debug|Any CPU
		{21C7B94C-113D-45AC-A480-BC85BBEF1FBF}.Debug|Any CPU.Build.0 = Debug|Any CPU
		{21C7B94C-113D-45AC-A480-BC85BBEF1FBF}.Debug|x64.ActiveCfg = Debug|Any CPU
		{21C7B94C-113D-45AC-A480-BC85BBEF1FBF}.Debug|x64.Build.0 = Debug|Any CPU
		{21C7B94C-113D-45AC-A480-BC85BBEF1FBF}.Debug-PROD|Any CPU.ActiveCfg = Debug|Any CPU
		{21C7B94C-113D-45AC-A480-BC85BBEF1FBF}.Debug-PROD|Any CPU.Build.0 = Debug|Any CPU
		{21C7B94C-113D-45AC-A480-BC85BBEF1FBF}.Debug-PROD|x64.ActiveCfg = Debug|Any CPU
		{21C7B94C-113D-45AC-A480-BC85BBEF1FBF}.Debug-PROD|x64.Build.0 = Debug|Any CPU
		{21C7B94C-113D-45AC-A480-BC85BBEF1FBF}.Release|Any CPU.ActiveCfg = Release|Any CPU
		{21C7B94C-113D-45AC-A480-BC85BBEF1FBF}.Release|Any CPU.Build.0 = Release|Any CPU
		{21C7B94C-113D-45AC-A480-BC85BBEF1FBF}.Release|x64.ActiveCfg = Release|Any CPU
		{21C7B94C-113D-45AC-A480-BC85BBEF1FBF}.Release|x64.Build.0 = Release|Any CPU
		{A105C4BD-AE98-41A3-B9B8-F41A33690CBC}.Debug|Any CPU.ActiveCfg = Debug|Any CPU
		{A105C4BD-AE98-41A3-B9B8-F41A33690CBC}.Debug|Any CPU.Build.0 = Debug|Any CPU
		{A105C4BD-AE98-41A3-B9B8-F41A33690CBC}.Debug|x64.ActiveCfg = Debug|Any CPU
		{A105C4BD-AE98-41A3-B9B8-F41A33690CBC}.Debug|x64.Build.0 = Debug|Any CPU
		{A105C4BD-AE98-41A3-B9B8-F41A33690CBC}.Debug-PROD|Any CPU.ActiveCfg = Debug|Any CPU
		{A105C4BD-AE98-41A3-B9B8-F41A33690CBC}.Debug-PROD|Any CPU.Build.0 = Debug|Any CPU
		{A105C4BD-AE98-41A3-B9B8-F41A33690CBC}.Debug-PROD|x64.ActiveCfg = Debug|Any CPU
		{A105C4BD-AE98-41A3-B9B8-F41A33690CBC}.Debug-PROD|x64.Build.0 = Debug|Any CPU
		{A105C4BD-AE98-41A3-B9B8-F41A33690CBC}.Release|Any CPU.ActiveCfg = Release|Any CPU
		{A105C4BD-AE98-41A3-B9B8-F41A33690CBC}.Release|Any CPU.Build.0 = Release|Any CPU
		{A105C4BD-AE98-41A3-B9B8-F41A33690CBC}.Release|x64.ActiveCfg = Release|Any CPU
		{A105C4BD-AE98-41A3-B9B8-F41A33690CBC}.Release|x64.Build.0 = Release|Any CPU
		{90F9AF89-D21D-4664-B90C-7BD2E7FD1760}.Debug|Any CPU.ActiveCfg = Debug|Any CPU
		{90F9AF89-D21D-4664-B90C-7BD2E7FD1760}.Debug|Any CPU.Build.0 = Debug|Any CPU
		{90F9AF89-D21D-4664-B90C-7BD2E7FD1760}.Debug|x64.ActiveCfg = Debug|Any CPU
		{90F9AF89-D21D-4664-B90C-7BD2E7FD1760}.Debug|x64.Build.0 = Debug|Any CPU
		{90F9AF89-D21D-4664-B90C-7BD2E7FD1760}.Debug-PROD|Any CPU.ActiveCfg = Debug|Any CPU
		{90F9AF89-D21D-4664-B90C-7BD2E7FD1760}.Debug-PROD|Any CPU.Build.0 = Debug|Any CPU
		{90F9AF89-D21D-4664-B90C-7BD2E7FD1760}.Debug-PROD|x64.ActiveCfg = Debug|Any CPU
		{90F9AF89-D21D-4664-B90C-7BD2E7FD1760}.Debug-PROD|x64.Build.0 = Debug|Any CPU
		{90F9AF89-D21D-4664-B90C-7BD2E7FD1760}.Release|Any CPU.ActiveCfg = Release|Any CPU
		{90F9AF89-D21D-4664-B90C-7BD2E7FD1760}.Release|Any CPU.Build.0 = Release|Any CPU
		{90F9AF89-D21D-4664-B90C-7BD2E7FD1760}.Release|x64.ActiveCfg = Release|Any CPU
		{90F9AF89-D21D-4664-B90C-7BD2E7FD1760}.Release|x64.Build.0 = Release|Any CPU
		{5C62B2A4-54D8-4F2E-97C8-ABCF58445505}.Debug|Any CPU.ActiveCfg = Debug|Any CPU
		{5C62B2A4-54D8-4F2E-97C8-ABCF58445505}.Debug|Any CPU.Build.0 = Debug|Any CPU
		{5C62B2A4-54D8-4F2E-97C8-ABCF58445505}.Debug|x64.ActiveCfg = Debug|Any CPU
		{5C62B2A4-54D8-4F2E-97C8-ABCF58445505}.Debug|x64.Build.0 = Debug|Any CPU
		{5C62B2A4-54D8-4F2E-97C8-ABCF58445505}.Debug-PROD|Any CPU.ActiveCfg = Debug|Any CPU
		{5C62B2A4-54D8-4F2E-97C8-ABCF58445505}.Debug-PROD|Any CPU.Build.0 = Debug|Any CPU
		{5C62B2A4-54D8-4F2E-97C8-ABCF58445505}.Debug-PROD|x64.ActiveCfg = Debug|Any CPU
		{5C62B2A4-54D8-4F2E-97C8-ABCF58445505}.Debug-PROD|x64.Build.0 = Debug|Any CPU
		{5C62B2A4-54D8-4F2E-97C8-ABCF58445505}.Release|Any CPU.ActiveCfg = Release|Any CPU
		{5C62B2A4-54D8-4F2E-97C8-ABCF58445505}.Release|Any CPU.Build.0 = Release|Any CPU
		{5C62B2A4-54D8-4F2E-97C8-ABCF58445505}.Release|x64.ActiveCfg = Release|Any CPU
		{5C62B2A4-54D8-4F2E-97C8-ABCF58445505}.Release|x64.Build.0 = Release|Any CPU
	EndGlobalSection
	GlobalSection(SolutionProperties) = preSolution
		HideSolutionNode = FALSE
	EndGlobalSection
	GlobalSection(NestedProjects) = preSolution
		{7D09AB3A-08F5-4D06-BB1D-9CE1B7311588} = {E6EFA61A-269E-4048-B406-24E40C28478A}
		{5E93FA84-DF3C-47CC-A8C7-E3A88201C6B2} = {E6EFA61A-269E-4048-B406-24E40C28478A}
		{D1BBA8D6-CE47-4345-B872-35E6FBB457A3} = {E6EFA61A-269E-4048-B406-24E40C28478A}
		{EEAD0877-50DA-4C8A-9BD7-C9421C89CF3C} = {0485EABC-026C-4900-8F0F-5471B106956F}
		{21C7B94C-113D-45AC-A480-BC85BBEF1FBF} = {EEAD0877-50DA-4C8A-9BD7-C9421C89CF3C}
		{90F9AF89-D21D-4664-B90C-7BD2E7FD1760} = {EEAD0877-50DA-4C8A-9BD7-C9421C89CF3C}
		{5C62B2A4-54D8-4F2E-97C8-ABCF58445505} = {065A8296-D0C4-48B5-95D0-4332CD7993BC}
	EndGlobalSection
	GlobalSection(ExtensibilityGlobals) = postSolution
		SolutionGuid = {483D1C03-49D1-42AE-955E-27B4F3954BA4}
	EndGlobalSection
EndGlobal
